
Microsoft Visual Studio Solution File, Format Version 12.00
# Visual Studio Version 17
VisualStudioVersion = 17.11.35312.102
MinimumVisualStudioVersion = 10.0.40219.1
Project("{FAE04EC0-301F-11D3-BF4B-00C04F79EFBC}") = "SistemaGerenciamentoDeBiblioteca", "SistemaGerenciamentoDeBiblioteca.csproj", "{4F08F581-EF40-4FC4-8F77-AD211576FB87}"
EndProject
Global
	GlobalSection(SolutionConfigurationPlatforms) = preSolution
		Debug|Any CPU = Debug|Any CPU
		Release|Any CPU = Release|Any CPU
	EndGlobalSection
	GlobalSection(ProjectConfigurationPlatforms) = postSolution
		{4F08F581-EF40-4FC4-8F77-AD211576FB87}.Debug|Any CPU.ActiveCfg = Debug|Any CPU
		{4F08F581-EF40-4FC4-8F77-AD211576FB87}.Debug|Any CPU.Build.0 = Debug|Any CPU
		{4F08F581-EF40-4FC4-8F77-AD211576FB87}.Release|Any CPU.ActiveCfg = Release|Any CPU
		{4F08F581-EF40-4FC4-8F77-AD211576FB87}.Release|Any CPU.Build.0 = Release|Any CPU
	EndGlobalSection
	GlobalSection(SolutionProperties) = preSolution
		HideSolutionNode = FALSE
	EndGlobalSection
	GlobalSection(ExtensibilityGlobals) = postSolution
		SolutionGuid = {BE93E49D-B74C-42D2-8164-6F057137C2A2}
	EndGlobalSection
EndGlobal
